{
  "originHash" : "72c2bbc73844ab67fc7d9913c0750200cb8c2703ae8ac776acd11affc367875c",
  "pins" : [
    {
      "identity" : "cryptoswift",
      "kind" : "remoteSourceControl",
      "location" : "https://github.com/krzyzanowskim/CryptoSwift.git",
      "state" : {
        "revision" : "678d442c6f7828def400a70ae15968aef67ef52d",
        "version" : "1.8.3"
      }
    }
  ],
  "version" : 3
}
